{
  "version": 4,
  "terraform_version": "1.4.6",
  "serial": 78,
  "lineage": "f9b2bae4-8f70-2fe2-b79f-e230b916b372",
  "outputs": {
    "external_ip_address_node01": {
      "value": "84.252.130.133",
      "type": "string"
    },
    "external_ip_address_node02": {
      "value": "84.252.129.125",
      "type": "string"
    },
    "external_ip_address_node03": {
      "value": "51.250.13.190",
      "type": "string"
    },
    "external_ip_address_node04": {
      "value": "62.84.125.174",
      "type": "string"
    },
    "external_ip_address_node05": {
      "value": "84.201.172.72",
      "type": "string"
    },
    "external_ip_address_node06": {
      "value": "84.252.130.64",
      "type": "string"
    },
    "internal_ip_address_node01": {
      "value": "192.168.101.11",
      "type": "string"
    },
    "internal_ip_address_node02": {
      "value": "192.168.101.12",
      "type": "string"
    },
    "internal_ip_address_node03": {
      "value": "192.168.101.13",
      "type": "string"
    },
    "internal_ip_address_node04": {
      "value": "192.168.101.14",
      "type": "string"
    },
    "internal_ip_address_node05": {
      "value": "192.168.101.15",
      "type": "string"
    },
    "internal_ip_address_node06": {
      "value": "192.168.101.16",
      "type": "string"
    }
  },
  "resources": [
    {
      "mode": "managed",
      "type": "local_file",
      "name": "inventory",
      "provider": "provider[\"registry.terraform.io/hashicorp/local\"]",
      "instances": []
    },
    {
      "mode": "managed",
      "type": "null_resource",
      "name": "cluster",
      "provider": "provider[\"registry.terraform.io/hashicorp/null\"]",
      "instances": [
        {
          "schema_version": 0,
          "attributes": {
            "id": "4137102621243324665",
            "triggers": null
          },
          "sensitive_attributes": [],
          "dependencies": [
            "local_file.inventory",
            "null_resource.wait",
            "yandex_compute_instance.node01",
            "yandex_compute_instance.node02",
            "yandex_compute_instance.node03",
            "yandex_compute_instance.node04",
            "yandex_compute_instance.node05",
            "yandex_compute_instance.node06",
            "yandex_vpc_network.default",
            "yandex_vpc_subnet.default"
          ]
        }
      ]
    },
    {
      "mode": "managed",
      "type": "null_resource",
      "name": "monitoring",
      "provider": "provider[\"registry.terraform.io/hashicorp/null\"]",
      "instances": [
        {
          "schema_version": 0,
          "attributes": {
            "id": "4896781300381447417",
            "triggers": null
          },
          "sensitive_attributes": [],
          "dependencies": [
            "local_file.inventory",
            "null_resource.cluster",
            "null_resource.sync",
            "null_resource.wait",
            "yandex_compute_instance.node01",
            "yandex_compute_instance.node02",
            "yandex_compute_instance.node03",
            "yandex_compute_instance.node04",
            "yandex_compute_instance.node05",
            "yandex_compute_instance.node06",
            "yandex_vpc_network.default",
            "yandex_vpc_subnet.default"
          ]
        }
      ]
    },
    {
      "mode": "managed",
      "type": "null_resource",
      "name": "sync",
      "provider": "provider[\"registry.terraform.io/hashicorp/null\"]",
      "instances": [
        {
          "schema_version": 0,
          "attributes": {
            "id": "5357861176661829634",
            "triggers": null
          },
          "sensitive_attributes": [],
          "dependencies": [
            "local_file.inventory",
            "null_resource.cluster",
            "null_resource.wait",
            "yandex_compute_instance.node01",
            "yandex_compute_instance.node02",
            "yandex_compute_instance.node03",
            "yandex_compute_instance.node04",
            "yandex_compute_instance.node05",
            "yandex_compute_instance.node06",
            "yandex_vpc_network.default",
            "yandex_vpc_subnet.default"
          ]
        }
      ]
    },
    {
      "mode": "managed",
      "type": "null_resource",
      "name": "wait",
      "provider": "provider[\"registry.terraform.io/hashicorp/null\"]",
      "instances": [
        {
          "schema_version": 0,
          "attributes": {
            "id": "8897847630499532207",
            "triggers": null
          },
          "sensitive_attributes": [],
          "dependencies": [
            "local_file.inventory",
            "yandex_compute_instance.node01",
            "yandex_compute_instance.node02",
            "yandex_compute_instance.node03",
            "yandex_compute_instance.node04",
            "yandex_compute_instance.node05",
            "yandex_compute_instance.node06",
            "yandex_vpc_network.default",
            "yandex_vpc_subnet.default"
          ]
        }
      ]
    },
    {
      "mode": "managed",
      "type": "yandex_compute_instance",
      "name": "node01",
      "provider": "provider[\"registry.terraform.io/yandex-cloud/yandex\"]",
      "instances": [
        {
          "status": "tainted",
          "schema_version": 1,
          "attributes": {
            "allow_recreate": null,
            "allow_stopping_for_update": true,
            "boot_disk": [
              {
                "auto_delete": true,
                "device_name": "",
                "disk_id": "",
                "initialize_params": [
                  {
                    "block_size": 0,
                    "description": "",
                    "image_id": "fd8hh1196frfm93kedvr",
                    "name": "root-node01",
                    "size": 10,
                    "snapshot_id": "",
                    "type": "network-nvme"
                  }
                ],
                "mode": ""
              }
            ],
            "created_at": null,
            "description": null,
            "filesystem": [],
            "folder_id": null,
            "fqdn": null,
            "gpu_cluster_id": null,
            "hostname": "node01.netology.yc",
            "id": "fhmcko072jpqn8bjmvuq",
            "labels": null,
            "local_disk": [],
            "metadata": {
              "ssh-keys": "centos:ssh-rsa AAAAB3NzaC1yc2EAAAADAQABAAABAQDCEScrYOLGybAD8NildiKOKzCB6IlIHk04l2O1kMVa2CV1HTHJeoYaUm2UmOaoLWBwuOlQZCnxPV6WGYwmQoWCJex+AGs0ea3uy+Y66z3VWK/Q8xXbsinmYJb7Rmlx2eztf+T4HhkvHatfwJcYh01JVfwuaYOS83drV8+YLzM44XLcfu+oxqxhg16lzSWGN0Vz+OhGdGDZaoivNwQOYqSjkBat6QsdigDzzCaNZZUAnGQDo10Jedvx+w5Fao/i6k8rfdQbycD8euruMfeeSOagMztyc5UCh1+NDtJS8OxRSVzXr5uz7SbGjSoJb8fgsf4vvBGSy3Muez7TvA6Thw2X Pavel@Pavel-PC\n"
            },
            "metadata_options": null,
            "name": "node01",
            "network_acceleration_type": "standard",
            "network_interface": [
              {
                "dns_record": [],
                "index": 0,
                "ip_address": "192.168.101.11",
                "ipv4": true,
                "ipv6": false,
                "ipv6_address": "",
                "ipv6_dns_record": [],
                "mac_address": "",
                "nat": true,
                "nat_dns_record": [],
                "nat_ip_address": "",
                "nat_ip_version": "",
                "security_group_ids": [],
                "subnet_id": "e9btqrb5gnvqg09t3hml"
              }
            ],
            "placement_policy": null,
            "platform_id": "standard-v1",
            "resources": [
              {
                "core_fraction": 100,
                "cores": 4,
                "gpus": 0,
                "memory": 8
              }
            ],
            "scheduling_policy": null,
            "secondary_disk": [],
            "service_account_id": null,
            "status": null,
            "timeouts": null,
            "zone": "ru-central1-a"
          },
          "sensitive_attributes": [],
          "private": "eyJlMmJmYjczMC1lY2FhLTExZTYtOGY4OC0zNDM2M2JjN2M0YzAiOnsiY3JlYXRlIjozMDAwMDAwMDAwMDAsImRlbGV0ZSI6MzAwMDAwMDAwMDAwLCJ1cGRhdGUiOjMwMDAwMDAwMDAwMH0sInNjaGVtYV92ZXJzaW9uIjoiMSJ9",
          "dependencies": [
            "yandex_vpc_subnet.default"
          ]
        }
      ]
    },
    {
      "mode": "managed",
      "type": "yandex_compute_instance",
      "name": "node02",
      "provider": "provider[\"registry.terraform.io/yandex-cloud/yandex\"]",
      "instances": [
        {
          "status": "tainted",
          "schema_version": 1,
          "attributes": {
            "allow_recreate": null,
            "allow_stopping_for_update": true,
            "boot_disk": [
              {
                "auto_delete": true,
                "device_name": "",
                "disk_id": "",
                "initialize_params": [
                  {
                    "block_size": 0,
                    "description": "",
                    "image_id": "fd8hh1196frfm93kedvr",
                    "name": "root-node02",
                    "size": 10,
                    "snapshot_id": "",
                    "type": "network-nvme"
                  }
                ],
                "mode": ""
              }
            ],
            "created_at": null,
            "description": null,
            "filesystem": [],
            "folder_id": null,
            "fqdn": null,
            "gpu_cluster_id": null,
            "hostname": "node02.netology.yc",
            "id": "fhmh68nditltsvdcu78c",
            "labels": null,
            "local_disk": [],
            "metadata": {
              "ssh-keys": "centos:ssh-rsa AAAAB3NzaC1yc2EAAAADAQABAAABAQDCEScrYOLGybAD8NildiKOKzCB6IlIHk04l2O1kMVa2CV1HTHJeoYaUm2UmOaoLWBwuOlQZCnxPV6WGYwmQoWCJex+AGs0ea3uy+Y66z3VWK/Q8xXbsinmYJb7Rmlx2eztf+T4HhkvHatfwJcYh01JVfwuaYOS83drV8+YLzM44XLcfu+oxqxhg16lzSWGN0Vz+OhGdGDZaoivNwQOYqSjkBat6QsdigDzzCaNZZUAnGQDo10Jedvx+w5Fao/i6k8rfdQbycD8euruMfeeSOagMztyc5UCh1+NDtJS8OxRSVzXr5uz7SbGjSoJb8fgsf4vvBGSy3Muez7TvA6Thw2X Pavel@Pavel-PC\n"
            },
            "metadata_options": null,
            "name": "node02",
            "network_acceleration_type": "standard",
            "network_interface": [
              {
                "dns_record": [],
                "index": 0,
                "ip_address": "192.168.101.12",
                "ipv4": true,
                "ipv6": false,
                "ipv6_address": "",
                "ipv6_dns_record": [],
                "mac_address": "",
                "nat": true,
                "nat_dns_record": [],
                "nat_ip_address": "",
                "nat_ip_version": "",
                "security_group_ids": [],
                "subnet_id": "e9btqrb5gnvqg09t3hml"
              }
            ],
            "placement_policy": null,
            "platform_id": "standard-v1",
            "resources": [
              {
                "core_fraction": 100,
                "cores": 4,
                "gpus": 0,
                "memory": 8
              }
            ],
            "scheduling_policy": null,
            "secondary_disk": [],
            "service_account_id": null,
            "status": null,
            "timeouts": null,
            "zone": "ru-central1-a"
          },
          "sensitive_attributes": [],
          "private": "eyJlMmJmYjczMC1lY2FhLTExZTYtOGY4OC0zNDM2M2JjN2M0YzAiOnsiY3JlYXRlIjozMDAwMDAwMDAwMDAsImRlbGV0ZSI6MzAwMDAwMDAwMDAwLCJ1cGRhdGUiOjMwMDAwMDAwMDAwMH0sInNjaGVtYV92ZXJzaW9uIjoiMSJ9",
          "dependencies": [
            "yandex_vpc_subnet.default"
          ]
        }
      ]
    },
    {
      "mode": "managed",
      "type": "yandex_compute_instance",
      "name": "node03",
      "provider": "provider[\"registry.terraform.io/yandex-cloud/yandex\"]",
      "instances": [
        {
          "status": "tainted",
          "schema_version": 1,
          "attributes": {
            "allow_recreate": null,
            "allow_stopping_for_update": true,
            "boot_disk": [
              {
                "auto_delete": true,
                "device_name": "fhmhiovsu6rq55gvh019",
                "disk_id": "fhmhiovsu6rq55gvh019",
                "initialize_params": [
                  {
                    "block_size": 4096,
                    "description": "",
                    "image_id": "fd8hh1196frfm93kedvr",
                    "name": "root-node03",
                    "size": 10,
                    "snapshot_id": "",
                    "type": "network-ssd"
                  }
                ],
                "mode": "READ_WRITE"
              }
            ],
            "created_at": "2023-05-29T20:58:21Z",
            "description": "",
            "filesystem": [],
            "folder_id": "b1gafqno98pm654p8keg",
            "fqdn": "node03.netology.yc",
            "gpu_cluster_id": "",
            "hostname": "node03.netology.yc",
            "id": "fhmpvtct7m9o9dljcdgo",
            "labels": {},
            "local_disk": [],
            "metadata": {
              "ssh-keys": "centos:ssh-rsa AAAAB3NzaC1yc2EAAAADAQABAAABAQDCEScrYOLGybAD8NildiKOKzCB6IlIHk04l2O1kMVa2CV1HTHJeoYaUm2UmOaoLWBwuOlQZCnxPV6WGYwmQoWCJex+AGs0ea3uy+Y66z3VWK/Q8xXbsinmYJb7Rmlx2eztf+T4HhkvHatfwJcYh01JVfwuaYOS83drV8+YLzM44XLcfu+oxqxhg16lzSWGN0Vz+OhGdGDZaoivNwQOYqSjkBat6QsdigDzzCaNZZUAnGQDo10Jedvx+w5Fao/i6k8rfdQbycD8euruMfeeSOagMztyc5UCh1+NDtJS8OxRSVzXr5uz7SbGjSoJb8fgsf4vvBGSy3Muez7TvA6Thw2X Pavel@Pavel-PC\n"
            },
            "metadata_options": [
              {
                "aws_v1_http_endpoint": 1,
                "aws_v1_http_token": 2,
                "gce_http_endpoint": 1,
                "gce_http_token": 1
              }
            ],
            "name": "node03",
            "network_acceleration_type": "standard",
            "network_interface": [
              {
                "dns_record": [],
                "index": 0,
                "ip_address": "192.168.101.13",
                "ipv4": true,
                "ipv6": false,
                "ipv6_address": "",
                "ipv6_dns_record": [],
                "mac_address": "d0:0d:19:ff:59:d3",
                "nat": true,
                "nat_dns_record": [],
                "nat_ip_address": "84.252.128.158",
                "nat_ip_version": "IPV4",
                "security_group_ids": [],
                "subnet_id": "e9btqrb5gnvqg09t3hml"
              }
            ],
            "placement_policy": [
              {
                "host_affinity_rules": [],
                "placement_group_id": ""
              }
            ],
            "platform_id": "standard-v1",
            "resources": [
              {
                "core_fraction": 100,
                "cores": 4,
                "gpus": 0,
                "memory": 8
              }
            ],
            "scheduling_policy": [
              {
                "preemptible": false
              }
            ],
            "secondary_disk": [],
            "service_account_id": "",
            "status": "starting",
            "timeouts": null,
            "zone": "ru-central1-a"
          },
          "sensitive_attributes": [],
          "private": "eyJlMmJmYjczMC1lY2FhLTExZTYtOGY4OC0zNDM2M2JjN2M0YzAiOnsiY3JlYXRlIjozMDAwMDAwMDAwMDAsImRlbGV0ZSI6MzAwMDAwMDAwMDAwLCJ1cGRhdGUiOjMwMDAwMDAwMDAwMH0sInNjaGVtYV92ZXJzaW9uIjoiMSJ9",
          "dependencies": [
            "yandex_vpc_network.default",
            "yandex_vpc_subnet.default"
          ]
        }
      ]
    },
    {
      "mode": "managed",
      "type": "yandex_compute_instance",
      "name": "node04",
      "provider": "provider[\"registry.terraform.io/yandex-cloud/yandex\"]",
      "instances": [
        {
          "status": "tainted",
          "schema_version": 1,
          "attributes": {
            "allow_recreate": null,
            "allow_stopping_for_update": true,
            "boot_disk": [
              {
                "auto_delete": true,
                "device_name": "",
                "disk_id": "",
                "initialize_params": [
                  {
                    "block_size": 0,
                    "description": "",
                    "image_id": "fd8hh1196frfm93kedvr",
                    "name": "root-node04",
                    "size": 40,
                    "snapshot_id": "",
                    "type": "network-nvme"
                  }
                ],
                "mode": ""
              }
            ],
            "created_at": null,
            "description": null,
            "filesystem": [],
            "folder_id": null,
            "fqdn": null,
            "gpu_cluster_id": null,
            "hostname": "node04.netology.yc",
            "id": "fhmotk0dgg49t7vcmm4q",
            "labels": null,
            "local_disk": [],
            "metadata": {
              "ssh-keys": "centos:ssh-rsa AAAAB3NzaC1yc2EAAAADAQABAAABAQDCEScrYOLGybAD8NildiKOKzCB6IlIHk04l2O1kMVa2CV1HTHJeoYaUm2UmOaoLWBwuOlQZCnxPV6WGYwmQoWCJex+AGs0ea3uy+Y66z3VWK/Q8xXbsinmYJb7Rmlx2eztf+T4HhkvHatfwJcYh01JVfwuaYOS83drV8+YLzM44XLcfu+oxqxhg16lzSWGN0Vz+OhGdGDZaoivNwQOYqSjkBat6QsdigDzzCaNZZUAnGQDo10Jedvx+w5Fao/i6k8rfdQbycD8euruMfeeSOagMztyc5UCh1+NDtJS8OxRSVzXr5uz7SbGjSoJb8fgsf4vvBGSy3Muez7TvA6Thw2X Pavel@Pavel-PC\n"
            },
            "metadata_options": null,
            "name": "node04",
            "network_acceleration_type": "standard",
            "network_interface": [
              {
                "dns_record": [],
                "index": 0,
                "ip_address": "192.168.101.14",
                "ipv4": true,
                "ipv6": false,
                "ipv6_address": "",
                "ipv6_dns_record": [],
                "mac_address": "",
                "nat": true,
                "nat_dns_record": [],
                "nat_ip_address": "",
                "nat_ip_version": "",
                "security_group_ids": [],
                "subnet_id": "e9btqrb5gnvqg09t3hml"
              }
            ],
            "placement_policy": null,
            "platform_id": "standard-v1",
            "resources": [
              {
                "core_fraction": 100,
                "cores": 4,
                "gpus": 0,
                "memory": 8
              }
            ],
            "scheduling_policy": null,
            "secondary_disk": [],
            "service_account_id": null,
            "status": null,
            "timeouts": null,
            "zone": "ru-central1-a"
          },
          "sensitive_attributes": [],
          "private": "eyJlMmJmYjczMC1lY2FhLTExZTYtOGY4OC0zNDM2M2JjN2M0YzAiOnsiY3JlYXRlIjozMDAwMDAwMDAwMDAsImRlbGV0ZSI6MzAwMDAwMDAwMDAwLCJ1cGRhdGUiOjMwMDAwMDAwMDAwMH0sInNjaGVtYV92ZXJzaW9uIjoiMSJ9",
          "dependencies": [
            "yandex_vpc_subnet.default"
          ]
        }
      ]
    },
    {
      "mode": "managed",
      "type": "yandex_compute_instance",
      "name": "node05",
      "provider": "provider[\"registry.terraform.io/yandex-cloud/yandex\"]",
      "instances": [
        {
          "status": "tainted",
          "schema_version": 1,
          "attributes": {
            "allow_recreate": null,
            "allow_stopping_for_update": true,
            "boot_disk": [
              {
                "auto_delete": true,
                "device_name": "fhmbckutrkbs2em2821l",
                "disk_id": "fhmbckutrkbs2em2821l",
                "initialize_params": [
                  {
                    "block_size": 4096,
                    "description": "",
                    "image_id": "fd8hh1196frfm93kedvr",
                    "name": "root-node05",
                    "size": 40,
                    "snapshot_id": "",
                    "type": "network-ssd"
                  }
                ],
                "mode": "READ_WRITE"
              }
            ],
            "created_at": "2023-05-29T20:58:21Z",
            "description": "",
            "filesystem": [],
            "folder_id": "b1gafqno98pm654p8keg",
            "fqdn": "node05.netology.yc",
            "gpu_cluster_id": "",
            "hostname": "node05.netology.yc",
            "id": "fhms22fmu5am6pu5lj59",
            "labels": {},
            "local_disk": [],
            "metadata": {
              "ssh-keys": "centos:ssh-rsa AAAAB3NzaC1yc2EAAAADAQABAAABAQDCEScrYOLGybAD8NildiKOKzCB6IlIHk04l2O1kMVa2CV1HTHJeoYaUm2UmOaoLWBwuOlQZCnxPV6WGYwmQoWCJex+AGs0ea3uy+Y66z3VWK/Q8xXbsinmYJb7Rmlx2eztf+T4HhkvHatfwJcYh01JVfwuaYOS83drV8+YLzM44XLcfu+oxqxhg16lzSWGN0Vz+OhGdGDZaoivNwQOYqSjkBat6QsdigDzzCaNZZUAnGQDo10Jedvx+w5Fao/i6k8rfdQbycD8euruMfeeSOagMztyc5UCh1+NDtJS8OxRSVzXr5uz7SbGjSoJb8fgsf4vvBGSy3Muez7TvA6Thw2X Pavel@Pavel-PC\n"
            },
            "metadata_options": [
              {
                "aws_v1_http_endpoint": 1,
                "aws_v1_http_token": 2,
                "gce_http_endpoint": 1,
                "gce_http_token": 1
              }
            ],
            "name": "node05",
            "network_acceleration_type": "standard",
            "network_interface": [
              {
                "dns_record": [],
                "index": 0,
                "ip_address": "192.168.101.15",
                "ipv4": true,
                "ipv6": false,
                "ipv6_address": "",
                "ipv6_dns_record": [],
                "mac_address": "d0:0d:1c:10:9f:6f",
                "nat": true,
                "nat_dns_record": [],
                "nat_ip_address": "84.201.130.220",
                "nat_ip_version": "IPV4",
                "security_group_ids": [],
                "subnet_id": "e9btqrb5gnvqg09t3hml"
              }
            ],
            "placement_policy": [
              {
                "host_affinity_rules": [],
                "placement_group_id": ""
              }
            ],
            "platform_id": "standard-v1",
            "resources": [
              {
                "core_fraction": 100,
                "cores": 4,
                "gpus": 0,
                "memory": 8
              }
            ],
            "scheduling_policy": [
              {
                "preemptible": false
              }
            ],
            "secondary_disk": [],
            "service_account_id": "",
            "status": "starting",
            "timeouts": null,
            "zone": "ru-central1-a"
          },
          "sensitive_attributes": [],
          "private": "eyJlMmJmYjczMC1lY2FhLTExZTYtOGY4OC0zNDM2M2JjN2M0YzAiOnsiY3JlYXRlIjozMDAwMDAwMDAwMDAsImRlbGV0ZSI6MzAwMDAwMDAwMDAwLCJ1cGRhdGUiOjMwMDAwMDAwMDAwMH0sInNjaGVtYV92ZXJzaW9uIjoiMSJ9",
          "dependencies": [
            "yandex_vpc_network.default",
            "yandex_vpc_subnet.default"
          ]
        }
      ]
    },
    {
      "mode": "managed",
      "type": "yandex_compute_instance",
      "name": "node06",
      "provider": "provider[\"registry.terraform.io/yandex-cloud/yandex\"]",
      "instances": [
        {
          "status": "tainted",
          "schema_version": 1,
          "attributes": {
            "allow_recreate": null,
            "allow_stopping_for_update": true,
            "boot_disk": [
              {
                "auto_delete": true,
                "device_name": "",
                "disk_id": "",
                "initialize_params": [
                  {
                    "block_size": 0,
                    "description": "",
                    "image_id": "fd8hh1196frfm93kedvr",
                    "name": "root-node06",
                    "size": 40,
                    "snapshot_id": "",
                    "type": "network-nvme"
                  }
                ],
                "mode": ""
              }
            ],
            "created_at": null,
            "description": null,
            "filesystem": [],
            "folder_id": null,
            "fqdn": null,
            "gpu_cluster_id": null,
            "hostname": "node06.netology.yc",
            "id": "fhmsrjkb0skfk1l176ki",
            "labels": null,
            "local_disk": [],
            "metadata": {
              "ssh-keys": "centos:ssh-rsa AAAAB3NzaC1yc2EAAAADAQABAAABAQDCEScrYOLGybAD8NildiKOKzCB6IlIHk04l2O1kMVa2CV1HTHJeoYaUm2UmOaoLWBwuOlQZCnxPV6WGYwmQoWCJex+AGs0ea3uy+Y66z3VWK/Q8xXbsinmYJb7Rmlx2eztf+T4HhkvHatfwJcYh01JVfwuaYOS83drV8+YLzM44XLcfu+oxqxhg16lzSWGN0Vz+OhGdGDZaoivNwQOYqSjkBat6QsdigDzzCaNZZUAnGQDo10Jedvx+w5Fao/i6k8rfdQbycD8euruMfeeSOagMztyc5UCh1+NDtJS8OxRSVzXr5uz7SbGjSoJb8fgsf4vvBGSy3Muez7TvA6Thw2X Pavel@Pavel-PC\n"
            },
            "metadata_options": null,
            "name": "node06",
            "network_acceleration_type": "standard",
            "network_interface": [
              {
                "dns_record": [],
                "index": 0,
                "ip_address": "192.168.101.16",
                "ipv4": true,
                "ipv6": false,
                "ipv6_address": "",
                "ipv6_dns_record": [],
                "mac_address": "",
                "nat": true,
                "nat_dns_record": [],
                "nat_ip_address": "",
                "nat_ip_version": "",
                "security_group_ids": [],
                "subnet_id": "e9btqrb5gnvqg09t3hml"
              }
            ],
            "placement_policy": null,
            "platform_id": "standard-v1",
            "resources": [
              {
                "core_fraction": 100,
                "cores": 4,
                "gpus": 0,
                "memory": 8
              }
            ],
            "scheduling_policy": null,
            "secondary_disk": [],
            "service_account_id": null,
            "status": null,
            "timeouts": null,
            "zone": "ru-central1-a"
          },
          "sensitive_attributes": [],
          "private": "eyJlMmJmYjczMC1lY2FhLTExZTYtOGY4OC0zNDM2M2JjN2M0YzAiOnsiY3JlYXRlIjozMDAwMDAwMDAwMDAsImRlbGV0ZSI6MzAwMDAwMDAwMDAwLCJ1cGRhdGUiOjMwMDAwMDAwMDAwMH0sInNjaGVtYV92ZXJzaW9uIjoiMSJ9",
          "dependencies": [
            "yandex_vpc_subnet.default"
          ]
        }
      ]
    },
    {
      "mode": "managed",
      "type": "yandex_vpc_network",
      "name": "default",
      "provider": "provider[\"registry.terraform.io/yandex-cloud/yandex\"]",
      "instances": [
        {
          "schema_version": 0,
          "attributes": {
            "created_at": "2023-05-29T16:42:01Z",
            "default_security_group_id": "",
            "description": "",
            "folder_id": "b1gafqno98pm654p8keg",
            "id": "enpnn6fp8knqf5f1euu9",
            "labels": {},
            "name": "net",
            "subnet_ids": [
              "e9btqrb5gnvqg09t3hml"
            ],
            "timeouts": null
          },
          "sensitive_attributes": [],
          "private": "eyJlMmJmYjczMC1lY2FhLTExZTYtOGY4OC0zNDM2M2JjN2M0YzAiOnsiY3JlYXRlIjo2MDAwMDAwMDAwMCwiZGVsZXRlIjo2MDAwMDAwMDAwMCwidXBkYXRlIjo2MDAwMDAwMDAwMH19"
        }
      ]
    },
    {
      "mode": "managed",
      "type": "yandex_vpc_subnet",
      "name": "default",
      "provider": "provider[\"registry.terraform.io/yandex-cloud/yandex\"]",
      "instances": [
        {
          "schema_version": 0,
          "attributes": {
            "created_at": "2023-05-29T16:42:02Z",
            "description": "",
            "dhcp_options": [],
            "folder_id": "b1gafqno98pm654p8keg",
            "id": "e9btqrb5gnvqg09t3hml",
            "labels": {},
            "name": "subnet",
            "network_id": "enpnn6fp8knqf5f1euu9",
            "route_table_id": "",
            "timeouts": null,
            "v4_cidr_blocks": [
              "192.168.101.0/24"
            ],
            "v6_cidr_blocks": [],
            "zone": "ru-central1-a"
          },
          "sensitive_attributes": [],
          "private": "eyJlMmJmYjczMC1lY2FhLTExZTYtOGY4OC0zNDM2M2JjN2M0YzAiOnsiY3JlYXRlIjoxODAwMDAwMDAwMDAsImRlbGV0ZSI6MTgwMDAwMDAwMDAwLCJ1cGRhdGUiOjE4MDAwMDAwMDAwMH19",
          "dependencies": [
            "yandex_vpc_network.default"
          ]
        }
      ]
    }
  ],
  "check_results": null
}
