{
  "version": 4,
  "terraform_version": "1.4.6",
  "serial": 3,
  "lineage": "75acc723-1d98-378d-d31c-1649d23c3429",
  "outputs": {
    "external_ip_address_node01_yandex_cloud": {
      "value": "51.250.104.54",
      "type": "string"
    },
    "internal_ip_address_node01_yandex_cloud": {
      "value": "10.1.2.34",
      "type": "string"
    }
  },
  "resources": [
    {
      "mode": "managed",
      "type": "yandex_compute_instance",
      "name": "node01",
      "provider": "provider[\"registry.terraform.io/yandex-cloud/yandex\"]",
      "instances": [
        {
          "schema_version": 1,
          "attributes": {
            "allow_recreate": null,
            "allow_stopping_for_update": true,
            "boot_disk": [
              {
                "auto_delete": true,
                "device_name": "epddnrsdvfnaq2hle4vf",
                "disk_id": "epddnrsdvfnaq2hle4vf",
                "initialize_params": [
                  {
                    "block_size": 4096,
                    "description": "",
                    "image_id": "fd8hh1196frfm93kedvr",
                    "name": "root-node01",
                    "size": 50,
                    "snapshot_id": "",
                    "type": "network-ssd"
                  }
                ],
                "mode": "READ_WRITE"
              }
            ],
            "created_at": "2023-05-28T16:38:24Z",
            "description": "",
            "filesystem": [],
            "folder_id": "b1gafqno98pm654p8keg",
            "fqdn": "node01.netology.cloud",
            "gpu_cluster_id": "",
            "hostname": "node01.netology.cloud",
            "id": "epdbqa9nku6k8ejp88qt",
            "labels": null,
            "local_disk": [],
            "metadata": {
              "ssh-keys": "centos:ssh-rsa AAAAB3NzaC1yc2EAAAADAQABAAABAQDCEScrYOLGybAD8NildiKOKzCB6IlIHk04l2O1kMVa2CV1HTHJeoYaUm2UmOaoLWBwuOlQZCnxPV6WGYwmQoWCJex+AGs0ea3uy+Y66z3VWK/Q8xXbsinmYJb7Rmlx2eztf+T4HhkvHatfwJcYh01JVfwuaYOS83drV8+YLzM44XLcfu+oxqxhg16lzSWGN0Vz+OhGdGDZaoivNwQOYqSjkBat6QsdigDzzCaNZZUAnGQDo10Jedvx+w5Fao/i6k8rfdQbycD8euruMfeeSOagMztyc5UCh1+NDtJS8OxRSVzXr5uz7SbGjSoJb8fgsf4vvBGSy3Muez7TvA6Thw2X Pavel@Pavel-PC\n"
            },
            "metadata_options": [
              {
                "aws_v1_http_endpoint": 1,
                "aws_v1_http_token": 2,
                "gce_http_endpoint": 1,
                "gce_http_token": 1
              }
            ],
            "name": "node01",
            "network_acceleration_type": "standard",
            "network_interface": [
              {
                "dns_record": [],
                "index": 0,
                "ip_address": "10.1.2.34",
                "ipv4": true,
                "ipv6": false,
                "ipv6_address": "",
                "ipv6_dns_record": [],
                "mac_address": "d0:0d:bd:29:37:a7",
                "nat": true,
                "nat_dns_record": [],
                "nat_ip_address": "51.250.104.54",
                "nat_ip_version": "IPV4",
                "security_group_ids": [],
                "subnet_id": "e2l0r1a6k5fvd33r2nhp"
              }
            ],
            "placement_policy": [
              {
                "host_affinity_rules": [],
                "placement_group_id": ""
              }
            ],
            "platform_id": "standard-v1",
            "resources": [
              {
                "core_fraction": 100,
                "cores": 8,
                "gpus": 0,
                "memory": 8
              }
            ],
            "scheduling_policy": [
              {
                "preemptible": false
              }
            ],
            "secondary_disk": [],
            "service_account_id": "",
            "status": "running",
            "timeouts": null,
            "zone": "ru-central1-b"
          },
          "sensitive_attributes": [],
          "private": "eyJlMmJmYjczMC1lY2FhLTExZTYtOGY4OC0zNDM2M2JjN2M0YzAiOnsiY3JlYXRlIjozMDAwMDAwMDAwMDAsImRlbGV0ZSI6MzAwMDAwMDAwMDAwLCJ1cGRhdGUiOjMwMDAwMDAwMDAwMH0sInNjaGVtYV92ZXJzaW9uIjoiMSJ9"
        }
      ]
    }
  ],
  "check_results": null
}
